
Microsoft Visual Studio Solution File, Format Version 12.00
# Visual Studio 15
VisualStudioVersion = 15.0.27004.2009
MinimumVisualStudioVersion = 10.0.40219.1
Project("{9A19103F-16F7-4668-BE54-9A1E7A4F7556}") = "LightInject", "LightInject\LightInject.csproj", "{5F3E01BA-6B61-4B8D-A89F-2303479A724C}"
EndProject
Project("{9A19103F-16F7-4668-BE54-9A1E7A4F7556}") = "LightInject.Tests", "LightInject.Tests\LightInject.Tests.csproj", "{6DBA27B6-70F6-4B87-A2A0-B9B35B091133}"
EndProject
Project("{FAE04EC0-301F-11D3-BF4B-00C04F79EFBC}") = "LightInject.Benchmarks", "LightInject.Benchmarks\LightInject.Benchmarks.csproj", "{3FC6809F-3ECD-40D5-B281-E2FFE1508DFF}"
EndProject
Global
	GlobalSection(SolutionConfigurationPlatforms) = preSolution
		Ad-Hoc|Any CPU = Ad-Hoc|Any CPU
		Ad-Hoc|iPhone = Ad-Hoc|iPhone
		Ad-Hoc|iPhoneSimulator = Ad-Hoc|iPhoneSimulator
		AppStore|Any CPU = AppStore|Any CPU
		AppStore|iPhone = AppStore|iPhone
		AppStore|iPhoneSimulator = AppStore|iPhoneSimulator
		Debug|Any CPU = Debug|Any CPU
		Debug|iPhone = Debug|iPhone
		Debug|iPhoneSimulator = Debug|iPhoneSimulator
		Release|Any CPU = Release|Any CPU
		Release|iPhone = Release|iPhone
		Release|iPhoneSimulator = Release|iPhoneSimulator
	EndGlobalSection
	GlobalSection(ProjectConfigurationPlatforms) = postSolution
		{5F3E01BA-6B61-4B8D-A89F-2303479A724C}.Ad-Hoc|Any CPU.ActiveCfg = Release|Any CPU
		{5F3E01BA-6B61-4B8D-A89F-2303479A724C}.Ad-Hoc|Any CPU.Build.0 = Release|Any CPU
		{5F3E01BA-6B61-4B8D-A89F-2303479A724C}.Ad-Hoc|iPhone.ActiveCfg = Release|Any CPU
		{5F3E01BA-6B61-4B8D-A89F-2303479A724C}.Ad-Hoc|iPhone.Build.0 = Release|Any CPU
		{5F3E01BA-6B61-4B8D-A89F-2303479A724C}.Ad-Hoc|iPhoneSimulator.ActiveCfg = Release|Any CPU
		{5F3E01BA-6B61-4B8D-A89F-2303479A724C}.Ad-Hoc|iPhoneSimulator.Build.0 = Release|Any CPU
		{5F3E01BA-6B61-4B8D-A89F-2303479A724C}.AppStore|Any CPU.ActiveCfg = Release|Any CPU
		{5F3E01BA-6B61-4B8D-A89F-2303479A724C}.AppStore|Any CPU.Build.0 = Release|Any CPU
		{5F3E01BA-6B61-4B8D-A89F-2303479A724C}.AppStore|iPhone.ActiveCfg = Release|Any CPU
		{5F3E01BA-6B61-4B8D-A89F-2303479A724C}.AppStore|iPhone.Build.0 = Release|Any CPU
		{5F3E01BA-6B61-4B8D-A89F-2303479A724C}.AppStore|iPhoneSimulator.ActiveCfg = Release|Any CPU
		{5F3E01BA-6B61-4B8D-A89F-2303479A724C}.AppStore|iPhoneSimulator.Build.0 = Release|Any CPU
		{5F3E01BA-6B61-4B8D-A89F-2303479A724C}.Debug|Any CPU.ActiveCfg = Debug|Any CPU
		{5F3E01BA-6B61-4B8D-A89F-2303479A724C}.Debug|Any CPU.Build.0 = Debug|Any CPU
		{5F3E01BA-6B61-4B8D-A89F-2303479A724C}.Debug|iPhone.ActiveCfg = Debug|Any CPU
		{5F3E01BA-6B61-4B8D-A89F-2303479A724C}.Debug|iPhone.Build.0 = Debug|Any CPU
		{5F3E01BA-6B61-4B8D-A89F-2303479A724C}.Debug|iPhoneSimulator.ActiveCfg = Debug|Any CPU
		{5F3E01BA-6B61-4B8D-A89F-2303479A724C}.Debug|iPhoneSimulator.Build.0 = Debug|Any CPU
		{5F3E01BA-6B61-4B8D-A89F-2303479A724C}.Release|Any CPU.ActiveCfg = Release|Any CPU
		{5F3E01BA-6B61-4B8D-A89F-2303479A724C}.Release|Any CPU.Build.0 = Release|Any CPU
		{5F3E01BA-6B61-4B8D-A89F-2303479A724C}.Release|iPhone.ActiveCfg = Release|Any CPU
		{5F3E01BA-6B61-4B8D-A89F-2303479A724C}.Release|iPhone.Build.0 = Release|Any CPU
		{5F3E01BA-6B61-4B8D-A89F-2303479A724C}.Release|iPhoneSimulator.ActiveCfg = Release|Any CPU
		{5F3E01BA-6B61-4B8D-A89F-2303479A724C}.Release|iPhoneSimulator.Build.0 = Release|Any CPU
		{6DBA27B6-70F6-4B87-A2A0-B9B35B091133}.Ad-Hoc|Any CPU.ActiveCfg = Release|Any CPU
		{6DBA27B6-70F6-4B87-A2A0-B9B35B091133}.Ad-Hoc|Any CPU.Build.0 = Release|Any CPU
		{6DBA27B6-70F6-4B87-A2A0-B9B35B091133}.Ad-Hoc|iPhone.ActiveCfg = Release|Any CPU
		{6DBA27B6-70F6-4B87-A2A0-B9B35B091133}.Ad-Hoc|iPhone.Build.0 = Release|Any CPU
		{6DBA27B6-70F6-4B87-A2A0-B9B35B091133}.Ad-Hoc|iPhoneSimulator.ActiveCfg = Release|Any CPU
		{6DBA27B6-70F6-4B87-A2A0-B9B35B091133}.Ad-Hoc|iPhoneSimulator.Build.0 = Release|Any CPU
		{6DBA27B6-70F6-4B87-A2A0-B9B35B091133}.AppStore|Any CPU.ActiveCfg = Release|Any CPU
		{6DBA27B6-70F6-4B87-A2A0-B9B35B091133}.AppStore|Any CPU.Build.0 = Release|Any CPU
		{6DBA27B6-70F6-4B87-A2A0-B9B35B091133}.AppStore|iPhone.ActiveCfg = Release|Any CPU
		{6DBA27B6-70F6-4B87-A2A0-B9B35B091133}.AppStore|iPhone.Build.0 = Release|Any CPU
		{6DBA27B6-70F6-4B87-A2A0-B9B35B091133}.AppStore|iPhoneSimulator.ActiveCfg = Release|Any CPU
		{6DBA27B6-70F6-4B87-A2A0-B9B35B091133}.AppStore|iPhoneSimulator.Build.0 = Release|Any CPU
		{6DBA27B6-70F6-4B87-A2A0-B9B35B091133}.Debug|Any CPU.ActiveCfg = Debug|Any CPU
		{6DBA27B6-70F6-4B87-A2A0-B9B35B091133}.Debug|Any CPU.Build.0 = Debug|Any CPU
		{6DBA27B6-70F6-4B87-A2A0-B9B35B091133}.Debug|iPhone.ActiveCfg = Debug|Any CPU
		{6DBA27B6-70F6-4B87-A2A0-B9B35B091133}.Debug|iPhone.Build.0 = Debug|Any CPU
		{6DBA27B6-70F6-4B87-A2A0-B9B35B091133}.Debug|iPhoneSimulator.ActiveCfg = Debug|Any CPU
		{6DBA27B6-70F6-4B87-A2A0-B9B35B091133}.Debug|iPhoneSimulator.Build.0 = Debug|Any CPU
		{6DBA27B6-70F6-4B87-A2A0-B9B35B091133}.Release|Any CPU.ActiveCfg = Release|Any CPU
		{6DBA27B6-70F6-4B87-A2A0-B9B35B091133}.Release|Any CPU.Build.0 = Release|Any CPU
		{6DBA27B6-70F6-4B87-A2A0-B9B35B091133}.Release|iPhone.ActiveCfg = Release|Any CPU
		{6DBA27B6-70F6-4B87-A2A0-B9B35B091133}.Release|iPhone.Build.0 = Release|Any CPU
		{6DBA27B6-70F6-4B87-A2A0-B9B35B091133}.Release|iPhoneSimulator.ActiveCfg = Release|Any CPU
		{6DBA27B6-70F6-4B87-A2A0-B9B35B091133}.Release|iPhoneSimulator.Build.0 = Release|Any CPU
		{3FC6809F-3ECD-40D5-B281-E2FFE1508DFF}.Ad-Hoc|Any CPU.ActiveCfg = Release|Any CPU
		{3FC6809F-3ECD-40D5-B281-E2FFE1508DFF}.Ad-Hoc|Any CPU.Build.0 = Release|Any CPU
		{3FC6809F-3ECD-40D5-B281-E2FFE1508DFF}.Ad-Hoc|iPhone.ActiveCfg = Release|Any CPU
		{3FC6809F-3ECD-40D5-B281-E2FFE1508DFF}.Ad-Hoc|iPhone.Build.0 = Release|Any CPU
		{3FC6809F-3ECD-40D5-B281-E2FFE1508DFF}.Ad-Hoc|iPhoneSimulator.ActiveCfg = Release|Any CPU
		{3FC6809F-3ECD-40D5-B281-E2FFE1508DFF}.Ad-Hoc|iPhoneSimulator.Build.0 = Release|Any CPU
		{3FC6809F-3ECD-40D5-B281-E2FFE1508DFF}.AppStore|Any CPU.ActiveCfg = Release|Any CPU
		{3FC6809F-3ECD-40D5-B281-E2FFE1508DFF}.AppStore|Any CPU.Build.0 = Release|Any CPU
		{3FC6809F-3ECD-40D5-B281-E2FFE1508DFF}.AppStore|iPhone.ActiveCfg = Release|Any CPU
		{3FC6809F-3ECD-40D5-B281-E2FFE1508DFF}.AppStore|iPhone.Build.0 = Release|Any CPU
		{3FC6809F-3ECD-40D5-B281-E2FFE1508DFF}.AppStore|iPhoneSimulator.ActiveCfg = Release|Any CPU
		{3FC6809F-3ECD-40D5-B281-E2FFE1508DFF}.AppStore|iPhoneSimulator.Build.0 = Release|Any CPU
		{3FC6809F-3ECD-40D5-B281-E2FFE1508DFF}.Debug|Any CPU.ActiveCfg = Debug|Any CPU
		{3FC6809F-3ECD-40D5-B281-E2FFE1508DFF}.Debug|Any CPU.Build.0 = Debug|Any CPU
		{3FC6809F-3ECD-40D5-B281-E2FFE1508DFF}.Debug|iPhone.ActiveCfg = Debug|Any CPU
		{3FC6809F-3ECD-40D5-B281-E2FFE1508DFF}.Debug|iPhone.Build.0 = Debug|Any CPU
		{3FC6809F-3ECD-40D5-B281-E2FFE1508DFF}.Debug|iPhoneSimulator.ActiveCfg = Debug|Any CPU
		{3FC6809F-3ECD-40D5-B281-E2FFE1508DFF}.Debug|iPhoneSimulator.Build.0 = Debug|Any CPU
		{3FC6809F-3ECD-40D5-B281-E2FFE1508DFF}.Release|Any CPU.ActiveCfg = Release|Any CPU
		{3FC6809F-3ECD-40D5-B281-E2FFE1508DFF}.Release|Any CPU.Build.0 = Release|Any CPU
		{3FC6809F-3ECD-40D5-B281-E2FFE1508DFF}.Release|iPhone.ActiveCfg = Release|Any CPU
		{3FC6809F-3ECD-40D5-B281-E2FFE1508DFF}.Release|iPhone.Build.0 = Release|Any CPU
		{3FC6809F-3ECD-40D5-B281-E2FFE1508DFF}.Release|iPhoneSimulator.ActiveCfg = Release|Any CPU
		{3FC6809F-3ECD-40D5-B281-E2FFE1508DFF}.Release|iPhoneSimulator.Build.0 = Release|Any CPU
	EndGlobalSection
	GlobalSection(SolutionProperties) = preSolution
		HideSolutionNode = FALSE
	EndGlobalSection
	GlobalSection(ExtensibilityGlobals) = postSolution
		SolutionGuid = {AE5CEC79-4BC1-482F-ADC5-CEE9CABE5942}
	EndGlobalSection
EndGlobal
